
Microsoft Visual Studio Solution File, Format Version 12.00
# Visual Studio Version 17
VisualStudioVersion = 17.8.34511.84
MinimumVisualStudioVersion = 10.0.40219.1
Project("{FAE04EC0-301F-11D3-BF4B-00C04F79EFBC}") = "KartLag", "KartLag\KartLag.csproj", "{9BF18440-C41F-4EE0-8397-2386C8FEE872}"
EndProject
Global
	GlobalSection(SolutionConfigurationPlatforms) = preSolution
		Debug|Any CPU = Debug|Any CPU
		Release|Any CPU = Release|Any CPU
	EndGlobalSection
	GlobalSection(ProjectConfigurationPlatforms) = postSolution
		{9BF18440-C41F-4EE0-8397-2386C8FEE872}.Debug|Any CPU.ActiveCfg = Debug|Any CPU
		{9BF18440-C41F-4EE0-8397-2386C8FEE872}.Debug|Any CPU.Build.0 = Debug|Any CPU
		{9BF18440-C41F-4EE0-8397-2386C8FEE872}.Release|Any CPU.ActiveCfg = Release|Any CPU
		{9BF18440-C41F-4EE0-8397-2386C8FEE872}.Release|Any CPU.Build.0 = Release|Any CPU
	EndGlobalSection
	GlobalSection(SolutionProperties) = preSolution
		HideSolutionNode = FALSE
	EndGlobalSection
	GlobalSection(ExtensibilityGlobals) = postSolution
		SolutionGuid = {5F50D94F-5220-4781-A0F4-871DFA012287}
	EndGlobalSection
EndGlobal
